
Microsoft Visual Studio Solution File, Format Version 12.00
# Visual Studio Version 16
VisualStudioVersion = 16.0.30002.166
MinimumVisualStudioVersion = 10.0.40219.1
Project("{FAE04EC0-301F-11D3-BF4B-00C04F79EFBC}") = "Banditlord", "Banditlord\Banditlord.csproj", "{EEB54C06-5FC7-46D1-842C-20CAABF5C5FA}"
EndProject
Global
	GlobalSection(SolutionConfigurationPlatforms) = preSolution
		Debug|Any CPU = Debug|Any CPU
		Release|Any CPU = Release|Any CPU
	EndGlobalSection
	GlobalSection(ProjectConfigurationPlatforms) = postSolution
		{EEB54C06-5FC7-46D1-842C-20CAABF5C5FA}.Debug|Any CPU.ActiveCfg = Debug|Any CPU
		{EEB54C06-5FC7-46D1-842C-20CAABF5C5FA}.Debug|Any CPU.Build.0 = Debug|Any CPU
		{EEB54C06-5FC7-46D1-842C-20CAABF5C5FA}.Release|Any CPU.ActiveCfg = Release|Any CPU
		{EEB54C06-5FC7-46D1-842C-20CAABF5C5FA}.Release|Any CPU.Build.0 = Release|Any CPU
	EndGlobalSection
	GlobalSection(SolutionProperties) = preSolution
		HideSolutionNode = FALSE
	EndGlobalSection
	GlobalSection(ExtensibilityGlobals) = postSolution
		SolutionGuid = {F4FD102C-FD78-4B6A-B722-BDE225AAAB9C}
	EndGlobalSection
EndGlobal
